// !$*UTF8*$!
{
	archiveVersion = 1;
	classes = {
	};
	objectVersion = 56;
	objects = {

/* Begin PBXBuildFile section */
		9226AFB328F482E100C5D580 /* NotesApp.swift in Sources */ = {isa = PBXBuildFile; fileRef = 9226AFB228F482E100C5D580 /* NotesApp.swift */; };
		9226AFB528F482E100C5D580 /* ContentView.swift in Sources */ = {isa = PBXBuildFile; fileRef = 9226AFB428F482E100C5D580 /* ContentView.swift */; };
		9226AFB728F482E400C5D580 /* Assets.xcassets in Resources */ = {isa = PBXBuildFile; fileRef = 9226AFB628F482E400C5D580 /* Assets.xcassets */; };
		9226AFBA28F482E400C5D580 /* Preview Assets.xcassets in Resources */ = {isa = PBXBuildFile; fileRef = 9226AFB928F482E400C5D580 /* Preview Assets.xcassets */; };
		9234AA2728F5CEDA00693C5F /* MainScreen.swift in Sources */ = {isa = PBXBuildFile; fileRef = 9234AA2628F5CEDA00693C5F /* MainScreen.swift */; };
		9234AA2928F5CFFA00693C5F /* AddNoteScreen.swift in Sources */ = {isa = PBXBuildFile; fileRef = 9234AA2828F5CFFA00693C5F /* AddNoteScreen.swift */; };
		9234AA2B28F5D02400693C5F /* EditNoteScreen.swift in Sources */ = {isa = PBXBuildFile; fileRef = 9234AA2A28F5D02400693C5F /* EditNoteScreen.swift */; };
		9234AA2D28F5D04500693C5F /* NoteScreen.swift in Sources */ = {isa = PBXBuildFile; fileRef = 9234AA2C28F5D04500693C5F /* NoteScreen.swift */; };
		9234AA2F28F5D09100693C5F /* TagsScreen.swift in Sources */ = {isa = PBXBuildFile; fileRef = 9234AA2E28F5D09100693C5F /* TagsScreen.swift */; };
/* End PBXBuildFile section */

/* Begin PBXFileReference section */
		9226AFAF28F482E100C5D580 /* Notes.app */ = {isa = PBXFileReference; explicitFileType = wrapper.application; includeInIndex = 0; path = Notes.app; sourceTree = BUILT_PRODUCTS_DIR; };
		9226AFB228F482E100C5D580 /* NotesApp.swift */ = {isa = PBXFileReference; lastKnownFileType = sourcecode.swift; path = NotesApp.swift; sourceTree = "<group>"; };
		9226AFB428F482E100C5D580 /* ContentView.swift */ = {isa = PBXFileReference; lastKnownFileType = sourcecode.swift; path = ContentView.swift; sourceTree = "<group>"; };
		9226AFB628F482E400C5D580 /* Assets.xcassets */ = {isa = PBXFileReference; lastKnownFileType = folder.assetcatalog; path = Assets.xcassets; sourceTree = "<group>"; };
		9226AFB928F482E400C5D580 /* Preview Assets.xcassets */ = {isa = PBXFileReference; lastKnownFileType = folder.assetcatalog; path = "Preview Assets.xcassets"; sourceTree = "<group>"; };
		9234AA2628F5CEDA00693C5F /* MainScreen.swift */ = {isa = PBXFileReference; lastKnownFileType = sourcecode.swift; path = MainScreen.swift; sourceTree = "<group>"; };
		9234AA2828F5CFFA00693C5F /* AddNoteScreen.swift */ = {isa = PBXFileReference; lastKnownFileType = sourcecode.swift; path = AddNoteScreen.swift; sourceTree = "<group>"; };
		9234AA2A28F5D02400693C5F /* EditNoteScreen.swift */ = {isa = PBXFileReference; lastKnownFileType = sourcecode.swift; path = EditNoteScreen.swift; sourceTree = "<group>"; };
		9234AA2C28F5D04500693C5F /* NoteScreen.swift */ = {isa = PBXFileReference; lastKnownFileType = sourcecode.swift; path = NoteScreen.swift; sourceTree = "<group>"; };
		9234AA2E28F5D09100693C5F /* TagsScreen.swift */ = {isa = PBXFileReference; lastKnownFileType = sourcecode.swift; path = TagsScreen.swift; sourceTree = "<group>"; };
/* End PBXFileReference section */

/* Begin PBXFrameworksBuildPhase section */
		9226AFAC28F482E100C5D580 /* Frameworks */ = {
			isa = PBXFrameworksBuildPhase;
			buildActionMask = 2147483647;
			files = (
			);
			runOnlyForDeploymentPostprocessing = 0;
		};
/* End PBXFrameworksBuildPhase section */

/* Begin PBXGroup section */
		9226AFA628F482E100C5D580 = {
			isa = PBXGroup;
			children = (
				9226AFB128F482E100C5D580 /* Notes */,
				9226AFB028F482E100C5D580 /* Products */,
			);
			sourceTree = "<group>";
		};
		9226AFB028F482E100C5D580 /* Products */ = {
			isa = PBXGroup;
			children = (
				9226AFAF28F482E100C5D580 /* Notes.app */,
			);
			name = Products;
			sourceTree = "<group>";
		};
		9226AFB128F482E100C5D580 /* Notes */ = {
			isa = PBXGroup;
			children = (
				9226AFC328F4835C00C5D580 /* Models */,
				9226AFC428F4836B00C5D580 /* Persistence */,
				9226AFC128F4833F00C5D580 /* Resources */,
				9226AFC228F4835500C5D580 /* Screens */,
				9226AFC528F4837800C5D580 /* Services */,
				9226AFC028F4833600C5D580 /* System */,
			);
			path = Notes;
			sourceTree = "<group>";
		};
		9226AFB828F482E400C5D580 /* Preview Content */ = {
			isa = PBXGroup;
			children = (
				9226AFB928F482E400C5D580 /* Preview Assets.xcassets */,
			);
			path = "Preview Content";
			sourceTree = "<group>";
		};
		9226AFC028F4833600C5D580 /* System */ = {
			isa = PBXGroup;
			children = (
				9226AFB228F482E100C5D580 /* NotesApp.swift */,
			);
			path = System;
			sourceTree = "<group>";
		};
		9226AFC128F4833F00C5D580 /* Resources */ = {
			isa = PBXGroup;
			children = (
				9226AFB628F482E400C5D580 /* Assets.xcassets */,
				9226AFB828F482E400C5D580 /* Preview Content */,
			);
			path = Resources;
			sourceTree = "<group>";
		};
		9226AFC228F4835500C5D580 /* Screens */ = {
			isa = PBXGroup;
			children = (
				9226AFB428F482E100C5D580 /* ContentView.swift */,
				9234AA2628F5CEDA00693C5F /* MainScreen.swift */,
				9234AA2828F5CFFA00693C5F /* AddNoteScreen.swift */,
				9234AA2A28F5D02400693C5F /* EditNoteScreen.swift */,
				9234AA2C28F5D04500693C5F /* NoteScreen.swift */,
				9234AA2E28F5D09100693C5F /* TagsScreen.swift */,
			);
			path = Screens;
			sourceTree = "<group>";
		};
		9226AFC328F4835C00C5D580 /* Models */ = {
			isa = PBXGroup;
			children = (
			);
			path = Models;
			sourceTree = "<group>";
		};
		9226AFC428F4836B00C5D580 /* Persistence */ = {
			isa = PBXGroup;
			children = (
			);
			path = Persistence;
			sourceTree = "<group>";
		};
		9226AFC528F4837800C5D580 /* Services */ = {
			isa = PBXGroup;
			children = (
			);
			path = Services;
			sourceTree = "<group>";
		};
/* End PBXGroup section */

/* Begin PBXNativeTarget section */
		9226AFAE28F482E100C5D580 /* Notes */ = {
			isa = PBXNativeTarget;
			buildConfigurationList = 9226AFBD28F482E400C5D580 /* Build configuration list for PBXNativeTarget "Notes" */;
			buildPhases = (
				9226AFAB28F482E100C5D580 /* Sources */,
				9226AFAC28F482E100C5D580 /* Frameworks */,
				9226AFAD28F482E100C5D580 /* Resources */,
			);
			buildRules = (
			);
			dependencies = (
			);
			name = Notes;
			productName = Notes;
			productReference = 9226AFAF28F482E100C5D580 /* Notes.app */;
			productType = "com.apple.product-type.application";
		};
/* End PBXNativeTarget section */

/* Begin PBXProject section */
		9226AFA728F482E100C5D580 /* Project object */ = {
			isa = PBXProject;
			attributes = {
				BuildIndependentTargetsInParallel = 1;
				LastSwiftUpdateCheck = 1400;
				LastUpgradeCheck = 1400;
				TargetAttributes = {
					9226AFAE28F482E100C5D580 = {
						CreatedOnToolsVersion = 14.0;
					};
				};
			};
			buildConfigurationList = 9226AFAA28F482E100C5D580 /* Build configuration list for PBXProject "Notes" */;
			compatibilityVersion = "Xcode 14.0";
			developmentRegion = en;
			hasScannedForEncodings = 0;
			knownRegions = (
				en,
				Base,
			);
			mainGroup = 9226AFA628F482E100C5D580;
			productRefGroup = 9226AFB028F482E100C5D580 /* Products */;
			projectDirPath = "";
			projectRoot = "";
			targets = (
				9226AFAE28F482E100C5D580 /* Notes */,
			);
		};
/* End PBXProject section */

/* Begin PBXResourcesBuildPhase section */
		9226AFAD28F482E100C5D580 /* Resources */ = {
			isa = PBXResourcesBuildPhase;
			buildActionMask = 2147483647;
			files = (
				9226AFBA28F482E400C5D580 /* Preview Assets.xcassets in Resources */,
				9226AFB728F482E400C5D580 /* Assets.xcassets in Resources */,
			);
			runOnlyForDeploymentPostprocessing = 0;
		};
/* End PBXResourcesBuildPhase section */

/* Begin PBXSourcesBuildPhase section */
		9226AFAB28F482E100C5D580 /* Sources */ = {
			isa = PBXSourcesBuildPhase;
			buildActionMask = 2147483647;
			files = (
				9234AA2728F5CEDA00693C5F /* MainScreen.swift in Sources */,
				9234AA2F28F5D09100693C5F /* TagsScreen.swift in Sources */,
				9234AA2928F5CFFA00693C5F /* AddNoteScreen.swift in Sources */,
				9234AA2B28F5D02400693C5F /* EditNoteScreen.swift in Sources */,
				9226AFB528F482E100C5D580 /* ContentView.swift in Sources */,
				9226AFB328F482E100C5D580 /* NotesApp.swift in Sources */,
				9234AA2D28F5D04500693C5F /* NoteScreen.swift in Sources */,
			);
			runOnlyForDeploymentPostprocessing = 0;
		};
/* End PBXSourcesBuildPhase section */

/* Begin XCBuildConfiguration section */
		9226AFBB28F482E400C5D580 /* Debug */ = {
			isa = XCBuildConfiguration;
			buildSettings = {
				ALWAYS_SEARCH_USER_PATHS = NO;
				CLANG_ANALYZER_NONNULL = YES;
				CLANG_ANALYZER_NUMBER_OBJECT_CONVERSION = YES_AGGRESSIVE;
				CLANG_CXX_LANGUAGE_STANDARD = "gnu++20";
				CLANG_ENABLE_MODULES = YES;
				CLANG_ENABLE_OBJC_ARC = YES;
				CLANG_ENABLE_OBJC_WEAK = YES;
				CLANG_WARN_BLOCK_CAPTURE_AUTORELEASING = YES;
				CLANG_WARN_BOOL_CONVERSION = YES;
				CLANG_WARN_COMMA = YES;
				CLANG_WARN_CONSTANT_CONVERSION = YES;
				CLANG_WARN_DEPRECATED_OBJC_IMPLEMENTATIONS = YES;
				CLANG_WARN_DIRECT_OBJC_ISA_USAGE = YES_ERROR;
				CLANG_WARN_DOCUMENTATION_COMMENTS = YES;
				CLANG_WARN_EMPTY_BODY = YES;
				CLANG_WARN_ENUM_CONVERSION = YES;
				CLANG_WARN_INFINITE_RECURSION = YES;
				CLANG_WARN_INT_CONVERSION = YES;
				CLANG_WARN_NON_LITERAL_NULL_CONVERSION = YES;
				CLANG_WARN_OBJC_IMPLICIT_RETAIN_SELF = YES;
				CLANG_WARN_OBJC_LITERAL_CONVERSION = YES;
				CLANG_WARN_OBJC_ROOT_CLASS = YES_ERROR;
				CLANG_WARN_QUOTED_INCLUDE_IN_FRAMEWORK_HEADER = YES;
				CLANG_WARN_RANGE_LOOP_ANALYSIS = YES;
				CLANG_WARN_STRICT_PROTOTYPES = YES;
				CLANG_WARN_SUSPICIOUS_MOVE = YES;
				CLANG_WARN_UNGUARDED_AVAILABILITY = YES_AGGRESSIVE;
				CLANG_WARN_UNREACHABLE_CODE = YES;
				CLANG_WARN__DUPLICATE_METHOD_MATCH = YES;
				COPY_PHASE_STRIP = NO;
				DEBUG_INFORMATION_FORMAT = dwarf;
				ENABLE_STRICT_OBJC_MSGSEND = YES;
				ENABLE_TESTABILITY = YES;
				GCC_C_LANGUAGE_STANDARD = gnu11;
				GCC_DYNAMIC_NO_PIC = NO;
				GCC_NO_COMMON_BLOCKS = YES;
				GCC_OPTIMIZATION_LEVEL = 0;
				GCC_PREPROCESSOR_DEFINITIONS = (
					"DEBUG=1",
					"$(inherited)",
				);
				GCC_WARN_64_TO_32_BIT_CONVERSION = YES;
				GCC_WARN_ABOUT_RETURN_TYPE = YES_ERROR;
				GCC_WARN_UNDECLARED_SELECTOR = YES;
				GCC_WARN_UNINITIALIZED_AUTOS = YES_AGGRESSIVE;
				GCC_WARN_UNUSED_FUNCTION = YES;
				GCC_WARN_UNUSED_VARIABLE = YES;
				IPHONEOS_DEPLOYMENT_TARGET = 16.0;
				MTL_ENABLE_DEBUG_INFO = INCLUDE_SOURCE;
				MTL_FAST_MATH = YES;
				ONLY_ACTIVE_ARCH = YES;
				SDKROOT = iphoneos;
				SWIFT_ACTIVE_COMPILATION_CONDITIONS = DEBUG;
				SWIFT_OPTIMIZATION_LEVEL = "-Onone";
			};
			name = Debug;
		};
		9226AFBC28F482E400C5D580 /* Release */ = {
			isa = XCBuildConfiguration;
			buildSettings = {
				ALWAYS_SEARCH_USER_PATHS = NO;
				CLANG_ANALYZER_NONNULL = YES;
				CLANG_ANALYZER_NUMBER_OBJECT_CONVERSION = YES_AGGRESSIVE;
				CLANG_CXX_LANGUAGE_STANDARD = "gnu++20";
				CLANG_ENABLE_MODULES = YES;
				CLANG_ENABLE_OBJC_ARC = YES;
				CLANG_ENABLE_OBJC_WEAK = YES;
				CLANG_WARN_BLOCK_CAPTURE_AUTORELEASING = YES;
				CLANG_WARN_BOOL_CONVERSION = YES;
				CLANG_WARN_COMMA = YES;
				CLANG_WARN_CONSTANT_CONVERSION = YES;
				CLANG_WARN_DEPRECATED_OBJC_IMPLEMENTATIONS = YES;
				CLANG_WARN_DIRECT_OBJC_ISA_USAGE = YES_ERROR;
				CLANG_WARN_DOCUMENTATION_COMMENTS = YES;
				CLANG_WARN_EMPTY_BODY = YES;
				CLANG_WARN_ENUM_CONVERSION = YES;
				CLANG_WARN_INFINITE_RECURSION = YES;
				CLANG_WARN_INT_CONVERSION = YES;
				CLANG_WARN_NON_LITERAL_NULL_CONVERSION = YES;
				CLANG_WARN_OBJC_IMPLICIT_RETAIN_SELF = YES;
				CLANG_WARN_OBJC_LITERAL_CONVERSION = YES;
				CLANG_WARN_OBJC_ROOT_CLASS = YES_ERROR;
				CLANG_WARN_QUOTED_INCLUDE_IN_FRAMEWORK_HEADER = YES;
				CLANG_WARN_RANGE_LOOP_ANALYSIS = YES;
				CLANG_WARN_STRICT_PROTOTYPES = YES;
				CLANG_WARN_SUSPICIOUS_MOVE = YES;
				CLANG_WARN_UNGUARDED_AVAILABILITY = YES_AGGRESSIVE;
				CLANG_WARN_UNREACHABLE_CODE = YES;
				CLANG_WARN__DUPLICATE_METHOD_MATCH = YES;
				COPY_PHASE_STRIP = NO;
				DEBUG_INFORMATION_FORMAT = "dwarf-with-dsym";
				ENABLE_NS_ASSERTIONS = NO;
				ENABLE_STRICT_OBJC_MSGSEND = YES;
				GCC_C_LANGUAGE_STANDARD = gnu11;
				GCC_NO_COMMON_BLOCKS = YES;
				GCC_WARN_64_TO_32_BIT_CONVERSION = YES;
				GCC_WARN_ABOUT_RETURN_TYPE = YES_ERROR;
				GCC_WARN_UNDECLARED_SELECTOR = YES;
				GCC_WARN_UNINITIALIZED_AUTOS = YES_AGGRESSIVE;
				GCC_WARN_UNUSED_FUNCTION = YES;
				GCC_WARN_UNUSED_VARIABLE = YES;
				IPHONEOS_DEPLOYMENT_TARGET = 16.0;
				MTL_ENABLE_DEBUG_INFO = NO;
				MTL_FAST_MATH = YES;
				SDKROOT = iphoneos;
				SWIFT_COMPILATION_MODE = wholemodule;
				SWIFT_OPTIMIZATION_LEVEL = "-O";
				VALIDATE_PRODUCT = YES;
			};
			name = Release;
		};
		9226AFBE28F482E400C5D580 /* Debug */ = {
			isa = XCBuildConfiguration;
			buildSettings = {
				ASSETCATALOG_COMPILER_APPICON_NAME = AppIcon;
				ASSETCATALOG_COMPILER_GLOBAL_ACCENT_COLOR_NAME = AccentColor;
				CODE_SIGN_STYLE = Automatic;
				CURRENT_PROJECT_VERSION = 1;
				DEVELOPMENT_ASSET_PATHS = "\"Notes/Resources/Preview Content\"";
				ENABLE_PREVIEWS = YES;
				GENERATE_INFOPLIST_FILE = YES;
				INFOPLIST_KEY_UIApplicationSceneManifest_Generation = YES;
				INFOPLIST_KEY_UIApplicationSupportsIndirectInputEvents = YES;
				INFOPLIST_KEY_UILaunchScreen_Generation = YES;
				INFOPLIST_KEY_UISupportedInterfaceOrientations = UIInterfaceOrientationPortrait;
				INFOPLIST_KEY_UISupportedInterfaceOrientations_iPad = "UIInterfaceOrientationLandscapeLeft UIInterfaceOrientationLandscapeRight UIInterfaceOrientationPortrait UIInterfaceOrientationPortraitUpsideDown";
				LD_RUNPATH_SEARCH_PATHS = (
					"$(inherited)",
					"@executable_path/Frameworks",
				);
				MARKETING_VERSION = 1.0;
				PRODUCT_BUNDLE_IDENTIFIER = com.jnox.Notes;
				PRODUCT_NAME = "$(TARGET_NAME)";
				SUPPORTED_PLATFORMS = "iphoneos iphonesimulator";
				SUPPORTS_MACCATALYST = NO;
				SUPPORTS_MAC_DESIGNED_FOR_IPHONE_IPAD = NO;
				SWIFT_EMIT_LOC_STRINGS = YES;
				SWIFT_VERSION = 5.0;
				TARGETED_DEVICE_FAMILY = 1;
			};
			name = Debug;
		};
		9226AFBF28F482E400C5D580 /* Release */ = {
			isa = XCBuildConfiguration;
			buildSettings = {
				ASSETCATALOG_COMPILER_APPICON_NAME = AppIcon;
				ASSETCATALOG_COMPILER_GLOBAL_ACCENT_COLOR_NAME = AccentColor;
				CODE_SIGN_STYLE = Automatic;
				CURRENT_PROJECT_VERSION = 1;
				DEVELOPMENT_ASSET_PATHS = "\"Notes/Resources/Preview Content\"";
				ENABLE_PREVIEWS = YES;
				GENERATE_INFOPLIST_FILE = YES;
				INFOPLIST_KEY_UIApplicationSceneManifest_Generation = YES;
				INFOPLIST_KEY_UIApplicationSupportsIndirectInputEvents = YES;
				INFOPLIST_KEY_UILaunchScreen_Generation = YES;
				INFOPLIST_KEY_UISupportedInterfaceOrientations = UIInterfaceOrientationPortrait;
				INFOPLIST_KEY_UISupportedInterfaceOrientations_iPad = "UIInterfaceOrientationLandscapeLeft UIInterfaceOrientationLandscapeRight UIInterfaceOrientationPortrait UIInterfaceOrientationPortraitUpsideDown";
				LD_RUNPATH_SEARCH_PATHS = (
					"$(inherited)",
					"@executable_path/Frameworks",
				);
				MARKETING_VERSION = 1.0;
				PRODUCT_BUNDLE_IDENTIFIER = com.jnox.Notes;
				PRODUCT_NAME = "$(TARGET_NAME)";
				SUPPORTED_PLATFORMS = "iphoneos iphonesimulator";
				SUPPORTS_MACCATALYST = NO;
				SUPPORTS_MAC_DESIGNED_FOR_IPHONE_IPAD = NO;
				SWIFT_EMIT_LOC_STRINGS = YES;
				SWIFT_VERSION = 5.0;
				TARGETED_DEVICE_FAMILY = 1;
			};
			name = Release;
		};
/* End XCBuildConfiguration section */

/* Begin XCConfigurationList section */
		9226AFAA28F482E100C5D580 /* Build configuration list for PBXProject "Notes" */ = {
			isa = XCConfigurationList;
			buildConfigurations = (
				9226AFBB28F482E400C5D580 /* Debug */,
				9226AFBC28F482E400C5D580 /* Release */,
			);
			defaultConfigurationIsVisible = 0;
			defaultConfigurationName = Release;
		};
		9226AFBD28F482E400C5D580 /* Build configuration list for PBXNativeTarget "Notes" */ = {
			isa = XCConfigurationList;
			buildConfigurations = (
				9226AFBE28F482E400C5D580 /* Debug */,
				9226AFBF28F482E400C5D580 /* Release */,
			);
			defaultConfigurationIsVisible = 0;
			defaultConfigurationName = Release;
		};
/* End XCConfigurationList section */
	};
	rootObject = 9226AFA728F482E100C5D580 /* Project object */;
}
